{
  "name": "Tallow-and-Care-official",
  "lockfileVersion": 3,
  "requires": true,
  "packages": {
    "": {
      "dependencies": {
        "express-rate-limit": "^8.2.1"
      }
    },
    "node_modules/express-rate-limit": {
      "version": "8.2.1",
      "resolved": "https://registry.npmjs.org/express-rate-limit/-/express-rate-limit-8.2.1.tgz",
      "integrity": "sha512-PCZEIEIxqwhzw4KF0n7QF4QqruVTcF73O5kFKUnGOyjbCCgizBBiFaYpd/fnBLUMPw/BWw9OsiN7GgrNYr7j6g==",
      "license": "MIT",
      "dependencies": {
        "ip-address": "10.0.1"
      },
      "engines": {
        "node": ">= 16"
      },
      "funding": {
        "url": "https://github.com/sponsors/express-rate-limit"
      },
      "peerDependencies": {
        "express": ">= 4.11"
      }
    },
    "node_modules/ip-address": {
      "version": "10.0.1",
      "resolved": "https://registry.npmjs.org/ip-address/-/ip-address-10.0.1.tgz",
      "integrity": "sha512-NWv9YLW4PoW2B7xtzaS3NCot75m6nK7Icdv0o3lfMceJVRfSoQwqD4wEH5rLwoKJwUiZ/rfpiVBhnaF0FK4HoA==",
      "license": "MIT",
      "engines": {
        "node": ">= 12"
      }
    }
  }
}
